// !$*UTF8*$!
{
	archiveVersion = 1;
	classes = {
	};
	objectVersion = 46;
	objects = {

/* Begin PBXBuildFile section */
		008AFC161C4DE0EC007580F8 /* AppDelegate.swift in Sources */ = {isa = PBXBuildFile; fileRef = 008AFC151C4DE0EC007580F8 /* AppDelegate.swift */; };
		008AFC181C4DE0EC007580F8 /* ViewController.swift in Sources */ = {isa = PBXBuildFile; fileRef = 008AFC171C4DE0EC007580F8 /* ViewController.swift */; };
		008AFC1B1C4DE0EC007580F8 /* Main.storyboard in Resources */ = {isa = PBXBuildFile; fileRef = 008AFC191C4DE0EC007580F8 /* Main.storyboard */; };
		008AFC1D1C4DE0EC007580F8 /* Assets.xcassets in Resources */ = {isa = PBXBuildFile; fileRef = 008AFC1C1C4DE0EC007580F8 /* Assets.xcassets */; };
		008AFC201C4DE0EC007580F8 /* LaunchScreen.storyboard in Resources */ = {isa = PBXBuildFile; fileRef = 008AFC1E1C4DE0EC007580F8 /* LaunchScreen.storyboard */; };
		00A690351C4F4945009F88E9 /* MKObjectExtension.swift in Sources */ = {isa = PBXBuildFile; fileRef = 00A690341C4F4945009F88E9 /* MKObjectExtension.swift */; };
		00A690371C4F4E2B009F88E9 /* MonkeyForPlist.swift in Sources */ = {isa = PBXBuildFile; fileRef = 00A690361C4F4E2B009F88E9 /* MonkeyForPlist.swift */; };
		00A6903A1C4F4F4C009F88E9 /* book in Resources */ = {isa = PBXBuildFile; fileRef = 00A690381C4F4F4C009F88E9 /* book */; };
		00A6903B1C4F4F4C009F88E9 /* casts in Resources */ = {isa = PBXBuildFile; fileRef = 00A690391C4F4F4C009F88E9 /* casts */; };
		00A690431C4F4F76009F88E9 /* Book.swift in Sources */ = {isa = PBXBuildFile; fileRef = 00A6903C1C4F4F76009F88E9 /* Book.swift */; };
		00A690441C4F4F76009F88E9 /* Cast.swift in Sources */ = {isa = PBXBuildFile; fileRef = 00A6903D1C4F4F76009F88E9 /* Cast.swift */; };
		00A690451C4F4F76009F88E9 /* Images.swift in Sources */ = {isa = PBXBuildFile; fileRef = 00A6903E1C4F4F76009F88E9 /* Images.swift */; };
		00A690461C4F4F76009F88E9 /* Item.swift in Sources */ = {isa = PBXBuildFile; fileRef = 00A6903F1C4F4F76009F88E9 /* Item.swift */; };
		00A690471C4F4F76009F88E9 /* Movie.swift in Sources */ = {isa = PBXBuildFile; fileRef = 00A690401C4F4F76009F88E9 /* Movie.swift */; };
		00A690481C4F4F76009F88E9 /* Tag.swift in Sources */ = {isa = PBXBuildFile; fileRef = 00A690411C4F4F76009F88E9 /* Tag.swift */; };
		00A690491C4F4F76009F88E9 /* User.swift in Sources */ = {isa = PBXBuildFile; fileRef = 00A690421C4F4F76009F88E9 /* User.swift */; };
		4B779D017280E6E43195EAAF /* Monkey.swift in Sources */ = {isa = PBXBuildFile; fileRef = 4B7792A38CD02B9953D34087 /* Monkey.swift */; };
/* End PBXBuildFile section */

/* Begin PBXFileReference section */
		008AFC121C4DE0EC007580F8 /* MonkeyDemo.app */ = {isa = PBXFileReference; explicitFileType = wrapper.application; includeInIndex = 0; path = MonkeyDemo.app; sourceTree = BUILT_PRODUCTS_DIR; };
		008AFC151C4DE0EC007580F8 /* AppDelegate.swift */ = {isa = PBXFileReference; lastKnownFileType = sourcecode.swift; path = AppDelegate.swift; sourceTree = "<group>"; };
		008AFC171C4DE0EC007580F8 /* ViewController.swift */ = {isa = PBXFileReference; lastKnownFileType = sourcecode.swift; path = ViewController.swift; sourceTree = "<group>"; };
		008AFC1A1C4DE0EC007580F8 /* Base */ = {isa = PBXFileReference; lastKnownFileType = file.storyboard; name = Base; path = Base.lproj/Main.storyboard; sourceTree = "<group>"; };
		008AFC1C1C4DE0EC007580F8 /* Assets.xcassets */ = {isa = PBXFileReference; lastKnownFileType = folder.assetcatalog; path = Assets.xcassets; sourceTree = "<group>"; };
		008AFC1F1C4DE0EC007580F8 /* Base */ = {isa = PBXFileReference; lastKnownFileType = file.storyboard; name = Base; path = Base.lproj/LaunchScreen.storyboard; sourceTree = "<group>"; };
		008AFC211C4DE0EC007580F8 /* Info.plist */ = {isa = PBXFileReference; lastKnownFileType = text.plist.xml; path = Info.plist; sourceTree = "<group>"; };
		00A690341C4F4945009F88E9 /* MKObjectExtension.swift */ = {isa = PBXFileReference; fileEncoding = 4; lastKnownFileType = sourcecode.swift; path = MKObjectExtension.swift; sourceTree = "<group>"; };
		00A690361C4F4E2B009F88E9 /* MonkeyForPlist.swift */ = {isa = PBXFileReference; fileEncoding = 4; lastKnownFileType = sourcecode.swift; path = MonkeyForPlist.swift; sourceTree = "<group>"; };
		00A690381C4F4F4C009F88E9 /* book */ = {isa = PBXFileReference; fileEncoding = 4; lastKnownFileType = text; path = book; sourceTree = "<group>"; };
		00A690391C4F4F4C009F88E9 /* casts */ = {isa = PBXFileReference; fileEncoding = 4; lastKnownFileType = text; path = casts; sourceTree = "<group>"; };
		00A6903C1C4F4F76009F88E9 /* Book.swift */ = {isa = PBXFileReference; fileEncoding = 4; lastKnownFileType = sourcecode.swift; path = Book.swift; sourceTree = "<group>"; };
		00A6903D1C4F4F76009F88E9 /* Cast.swift */ = {isa = PBXFileReference; fileEncoding = 4; lastKnownFileType = sourcecode.swift; path = Cast.swift; sourceTree = "<group>"; };
		00A6903E1C4F4F76009F88E9 /* Images.swift */ = {isa = PBXFileReference; fileEncoding = 4; lastKnownFileType = sourcecode.swift; path = Images.swift; sourceTree = "<group>"; };
		00A6903F1C4F4F76009F88E9 /* Item.swift */ = {isa = PBXFileReference; fileEncoding = 4; lastKnownFileType = sourcecode.swift; path = Item.swift; sourceTree = "<group>"; };
		00A690401C4F4F76009F88E9 /* Movie.swift */ = {isa = PBXFileReference; fileEncoding = 4; lastKnownFileType = sourcecode.swift; path = Movie.swift; sourceTree = "<group>"; };
		00A690411C4F4F76009F88E9 /* Tag.swift */ = {isa = PBXFileReference; fileEncoding = 4; lastKnownFileType = sourcecode.swift; path = Tag.swift; sourceTree = "<group>"; };
		00A690421C4F4F76009F88E9 /* User.swift */ = {isa = PBXFileReference; fileEncoding = 4; lastKnownFileType = sourcecode.swift; path = User.swift; sourceTree = "<group>"; };
		4B7792A38CD02B9953D34087 /* Monkey.swift */ = {isa = PBXFileReference; fileEncoding = 4; lastKnownFileType = sourcecode.swift; path = Monkey.swift; sourceTree = "<group>"; };
/* End PBXFileReference section */

/* Begin PBXFrameworksBuildPhase section */
		008AFC0F1C4DE0EC007580F8 /* Frameworks */ = {
			isa = PBXFrameworksBuildPhase;
			buildActionMask = 2147483647;
			files = (
			);
			runOnlyForDeploymentPostprocessing = 0;
		};
/* End PBXFrameworksBuildPhase section */

/* Begin PBXGroup section */
		008AFC091C4DE0EC007580F8 = {
			isa = PBXGroup;
			children = (
				008AFC351C4DE122007580F8 /* Monkey */,
				008AFC141C4DE0EC007580F8 /* MonkeyDemo */,
				008AFC131C4DE0EC007580F8 /* Products */,
			);
			sourceTree = "<group>";
		};
		008AFC131C4DE0EC007580F8 /* Products */ = {
			isa = PBXGroup;
			children = (
				008AFC121C4DE0EC007580F8 /* MonkeyDemo.app */,
			);
			name = Products;
			sourceTree = "<group>";
		};
		008AFC141C4DE0EC007580F8 /* MonkeyDemo */ = {
			isa = PBXGroup;
			children = (
				008AFC151C4DE0EC007580F8 /* AppDelegate.swift */,
				008AFC171C4DE0EC007580F8 /* ViewController.swift */,
				00A6903C1C4F4F76009F88E9 /* Book.swift */,
				00A6903D1C4F4F76009F88E9 /* Cast.swift */,
				00A6903E1C4F4F76009F88E9 /* Images.swift */,
				00A6903F1C4F4F76009F88E9 /* Item.swift */,
				00A690401C4F4F76009F88E9 /* Movie.swift */,
				00A690411C4F4F76009F88E9 /* Tag.swift */,
				00A690421C4F4F76009F88E9 /* User.swift */,
				008AFC191C4DE0EC007580F8 /* Main.storyboard */,
				008AFC1C1C4DE0EC007580F8 /* Assets.xcassets */,
				008AFC1E1C4DE0EC007580F8 /* LaunchScreen.storyboard */,
				008AFC211C4DE0EC007580F8 /* Info.plist */,
				00A690381C4F4F4C009F88E9 /* book */,
				00A690391C4F4F4C009F88E9 /* casts */,
			);
			path = MonkeyDemo;
			sourceTree = "<group>";
		};
		008AFC351C4DE122007580F8 /* Monkey */ = {
			isa = PBXGroup;
			children = (
				4B7792A38CD02B9953D34087 /* Monkey.swift */,
				00A690361C4F4E2B009F88E9 /* MonkeyForPlist.swift */,
				00A690341C4F4945009F88E9 /* MKObjectExtension.swift */,
			);
			path = Monkey;
			sourceTree = "<group>";
		};
/* End PBXGroup section */

/* Begin PBXNativeTarget section */
		008AFC111C4DE0EC007580F8 /* MonkeyDemo */ = {
			isa = PBXNativeTarget;
			buildConfigurationList = 008AFC2F1C4DE0EC007580F8 /* Build configuration list for PBXNativeTarget "MonkeyDemo" */;
			buildPhases = (
				008AFC0E1C4DE0EC007580F8 /* Sources */,
				008AFC0F1C4DE0EC007580F8 /* Frameworks */,
				008AFC101C4DE0EC007580F8 /* Resources */,
			);
			buildRules = (
			);
			dependencies = (
			);
			name = MonkeyDemo;
			productName = MonkeyDemo;
			productReference = 008AFC121C4DE0EC007580F8 /* MonkeyDemo.app */;
			productType = "com.apple.product-type.application";
		};
/* End PBXNativeTarget section */

/* Begin PBXProject section */
		008AFC0A1C4DE0EC007580F8 /* Project object */ = {
			isa = PBXProject;
			attributes = {
				LastSwiftUpdateCheck = 0720;
				LastUpgradeCheck = 0720;
				ORGANIZATIONNAME = Robin;
				TargetAttributes = {
					008AFC111C4DE0EC007580F8 = {
						CreatedOnToolsVersion = 7.2;
					};
				};
			};
			buildConfigurationList = 008AFC0D1C4DE0EC007580F8 /* Build configuration list for PBXProject "MonkeyDemo" */;
			compatibilityVersion = "Xcode 3.2";
			developmentRegion = English;
			hasScannedForEncodings = 0;
			knownRegions = (
				en,
				Base,
			);
			mainGroup = 008AFC091C4DE0EC007580F8;
			productRefGroup = 008AFC131C4DE0EC007580F8 /* Products */;
			projectDirPath = "";
			projectRoot = "";
			targets = (
				008AFC111C4DE0EC007580F8 /* MonkeyDemo */,
			);
		};
/* End PBXProject section */

/* Begin PBXResourcesBuildPhase section */
		008AFC101C4DE0EC007580F8 /* Resources */ = {
			isa = PBXResourcesBuildPhase;
			buildActionMask = 2147483647;
			files = (
				008AFC201C4DE0EC007580F8 /* LaunchScreen.storyboard in Resources */,
				008AFC1D1C4DE0EC007580F8 /* Assets.xcassets in Resources */,
				008AFC1B1C4DE0EC007580F8 /* Main.storyboard in Resources */,
				00A6903B1C4F4F4C009F88E9 /* casts in Resources */,
				00A6903A1C4F4F4C009F88E9 /* book in Resources */,
			);
			runOnlyForDeploymentPostprocessing = 0;
		};
/* End PBXResourcesBuildPhase section */

/* Begin PBXSourcesBuildPhase section */
		008AFC0E1C4DE0EC007580F8 /* Sources */ = {
			isa = PBXSourcesBuildPhase;
			buildActionMask = 2147483647;
			files = (
				00A690371C4F4E2B009F88E9 /* MonkeyForPlist.swift in Sources */,
				00A690461C4F4F76009F88E9 /* Item.swift in Sources */,
				008AFC181C4DE0EC007580F8 /* ViewController.swift in Sources */,
				00A690441C4F4F76009F88E9 /* Cast.swift in Sources */,
				00A690471C4F4F76009F88E9 /* Movie.swift in Sources */,
				00A690431C4F4F76009F88E9 /* Book.swift in Sources */,
				00A690481C4F4F76009F88E9 /* Tag.swift in Sources */,
				00A690351C4F4945009F88E9 /* MKObjectExtension.swift in Sources */,
				00A690491C4F4F76009F88E9 /* User.swift in Sources */,
				00A690451C4F4F76009F88E9 /* Images.swift in Sources */,
				008AFC161C4DE0EC007580F8 /* AppDelegate.swift in Sources */,
				4B779D017280E6E43195EAAF /* Monkey.swift in Sources */,
			);
			runOnlyForDeploymentPostprocessing = 0;
		};
/* End PBXSourcesBuildPhase section */

/* Begin PBXVariantGroup section */
		008AFC191C4DE0EC007580F8 /* Main.storyboard */ = {
			isa = PBXVariantGroup;
			children = (
				008AFC1A1C4DE0EC007580F8 /* Base */,
			);
			name = Main.storyboard;
			sourceTree = "<group>";
		};
		008AFC1E1C4DE0EC007580F8 /* LaunchScreen.storyboard */ = {
			isa = PBXVariantGroup;
			children = (
				008AFC1F1C4DE0EC007580F8 /* Base */,
			);
			name = LaunchScreen.storyboard;
			sourceTree = "<group>";
		};
/* End PBXVariantGroup section */

/* Begin XCBuildConfiguration section */
		008AFC2D1C4DE0EC007580F8 /* Debug */ = {
			isa = XCBuildConfiguration;
			buildSettings = {
				ALWAYS_SEARCH_USER_PATHS = NO;
				CLANG_CXX_LANGUAGE_STANDARD = "gnu++0x";
				CLANG_CXX_LIBRARY = "libc++";
				CLANG_ENABLE_MODULES = YES;
				CLANG_ENABLE_OBJC_ARC = YES;
				CLANG_WARN_BOOL_CONVERSION = YES;
				CLANG_WARN_CONSTANT_CONVERSION = YES;
				CLANG_WARN_DIRECT_OBJC_ISA_USAGE = YES_ERROR;
				CLANG_WARN_EMPTY_BODY = YES;
				CLANG_WARN_ENUM_CONVERSION = YES;
				CLANG_WARN_INT_CONVERSION = YES;
				CLANG_WARN_OBJC_ROOT_CLASS = YES_ERROR;
				CLANG_WARN_UNREACHABLE_CODE = YES;
				CLANG_WARN__DUPLICATE_METHOD_MATCH = YES;
				"CODE_SIGN_IDENTITY[sdk=iphoneos*]" = "iPhone Developer";
				COPY_PHASE_STRIP = NO;
				DEBUG_INFORMATION_FORMAT = dwarf;
				ENABLE_STRICT_OBJC_MSGSEND = YES;
				ENABLE_TESTABILITY = YES;
				GCC_C_LANGUAGE_STANDARD = gnu99;
				GCC_DYNAMIC_NO_PIC = NO;
				GCC_NO_COMMON_BLOCKS = YES;
				GCC_OPTIMIZATION_LEVEL = 0;
				GCC_PREPROCESSOR_DEFINITIONS = (
					"DEBUG=1",
					"$(inherited)",
				);
				GCC_WARN_64_TO_32_BIT_CONVERSION = YES;
				GCC_WARN_ABOUT_RETURN_TYPE = YES_ERROR;
				GCC_WARN_UNDECLARED_SELECTOR = YES;
				GCC_WARN_UNINITIALIZED_AUTOS = YES_AGGRESSIVE;
				GCC_WARN_UNUSED_FUNCTION = YES;
				GCC_WARN_UNUSED_VARIABLE = YES;
				IPHONEOS_DEPLOYMENT_TARGET = 9.2;
				MTL_ENABLE_DEBUG_INFO = YES;
				ONLY_ACTIVE_ARCH = YES;
				SDKROOT = iphoneos;
				SWIFT_OPTIMIZATION_LEVEL = "-Onone";
			};
			name = Debug;
		};
		008AFC2E1C4DE0EC007580F8 /* Release */ = {
			isa = XCBuildConfiguration;
			buildSettings = {
				ALWAYS_SEARCH_USER_PATHS = NO;
				CLANG_CXX_LANGUAGE_STANDARD = "gnu++0x";
				CLANG_CXX_LIBRARY = "libc++";
				CLANG_ENABLE_MODULES = YES;
				CLANG_ENABLE_OBJC_ARC = YES;
				CLANG_WARN_BOOL_CONVERSION = YES;
				CLANG_WARN_CONSTANT_CONVERSION = YES;
				CLANG_WARN_DIRECT_OBJC_ISA_USAGE = YES_ERROR;
				CLANG_WARN_EMPTY_BODY = YES;
				CLANG_WARN_ENUM_CONVERSION = YES;
				CLANG_WARN_INT_CONVERSION = YES;
				CLANG_WARN_OBJC_ROOT_CLASS = YES_ERROR;
				CLANG_WARN_UNREACHABLE_CODE = YES;
				CLANG_WARN__DUPLICATE_METHOD_MATCH = YES;
				"CODE_SIGN_IDENTITY[sdk=iphoneos*]" = "iPhone Developer";
				COPY_PHASE_STRIP = NO;
				DEBUG_INFORMATION_FORMAT = "dwarf-with-dsym";
				ENABLE_NS_ASSERTIONS = NO;
				ENABLE_STRICT_OBJC_MSGSEND = YES;
				GCC_C_LANGUAGE_STANDARD = gnu99;
				GCC_NO_COMMON_BLOCKS = YES;
				GCC_WARN_64_TO_32_BIT_CONVERSION = YES;
				GCC_WARN_ABOUT_RETURN_TYPE = YES_ERROR;
				GCC_WARN_UNDECLARED_SELECTOR = YES;
				GCC_WARN_UNINITIALIZED_AUTOS = YES_AGGRESSIVE;
				GCC_WARN_UNUSED_FUNCTION = YES;
				GCC_WARN_UNUSED_VARIABLE = YES;
				IPHONEOS_DEPLOYMENT_TARGET = 9.2;
				MTL_ENABLE_DEBUG_INFO = NO;
				SDKROOT = iphoneos;
				VALIDATE_PRODUCT = YES;
			};
			name = Release;
		};
		008AFC301C4DE0EC007580F8 /* Debug */ = {
			isa = XCBuildConfiguration;
			buildSettings = {
				ASSETCATALOG_COMPILER_APPICON_NAME = AppIcon;
				INFOPLIST_FILE = MonkeyDemo/Info.plist;
				LD_RUNPATH_SEARCH_PATHS = "$(inherited) @executable_path/Frameworks";
				PRODUCT_BUNDLE_IDENTIFIER = com.mrocker.MonkeyDemo;
				PRODUCT_NAME = "$(TARGET_NAME)";
			};
			name = Debug;
		};
		008AFC311C4DE0EC007580F8 /* Release */ = {
			isa = XCBuildConfiguration;
			buildSettings = {
				ASSETCATALOG_COMPILER_APPICON_NAME = AppIcon;
				INFOPLIST_FILE = MonkeyDemo/Info.plist;
				LD_RUNPATH_SEARCH_PATHS = "$(inherited) @executable_path/Frameworks";
				PRODUCT_BUNDLE_IDENTIFIER = com.mrocker.MonkeyDemo;
				PRODUCT_NAME = "$(TARGET_NAME)";
			};
			name = Release;
		};
/* End XCBuildConfiguration section */

/* Begin XCConfigurationList section */
		008AFC0D1C4DE0EC007580F8 /* Build configuration list for PBXProject "MonkeyDemo" */ = {
			isa = XCConfigurationList;
			buildConfigurations = (
				008AFC2D1C4DE0EC007580F8 /* Debug */,
				008AFC2E1C4DE0EC007580F8 /* Release */,
			);
			defaultConfigurationIsVisible = 0;
			defaultConfigurationName = Release;
		};
		008AFC2F1C4DE0EC007580F8 /* Build configuration list for PBXNativeTarget "MonkeyDemo" */ = {
			isa = XCConfigurationList;
			buildConfigurations = (
				008AFC301C4DE0EC007580F8 /* Debug */,
				008AFC311C4DE0EC007580F8 /* Release */,
			);
			defaultConfigurationIsVisible = 0;
			defaultConfigurationName = Release;
		};
/* End XCConfigurationList section */
	};
	rootObject = 008AFC0A1C4DE0EC007580F8 /* Project object */;
}
